// !$*UTF8*$!
{
	archiveVersion = 1;
	classes = {
	};
	objectVersion = 46;
	objects = {

/* Begin PBXBuildFile section */
		97291ECE1F429F7E00AD2351 /* main.m in Sources */ = {isa = PBXBuildFile; fileRef = 97291ECD1F429F7E00AD2351 /* main.m */; };
		97291ED11F429F7E00AD2351 /* AppDelegate.m in Sources */ = {isa = PBXBuildFile; fileRef = 97291ED01F429F7E00AD2351 /* AppDelegate.m */; };
		97291ED41F429F7E00AD2351 /* ViewController.m in Sources */ = {isa = PBXBuildFile; fileRef = 97291ED31F429F7E00AD2351 /* ViewController.m */; };
		97291ED71F429F7E00AD2351 /* Main.storyboard in Resources */ = {isa = PBXBuildFile; fileRef = 97291ED51F429F7E00AD2351 /* Main.storyboard */; };
		97291ED91F429F7E00AD2351 /* Assets.xcassets in Resources */ = {isa = PBXBuildFile; fileRef = 97291ED81F429F7E00AD2351 /* Assets.xcassets */; };
		97291EDC1F429F7E00AD2351 /* LaunchScreen.storyboard in Resources */ = {isa = PBXBuildFile; fileRef = 97291EDA1F429F7E00AD2351 /* LaunchScreen.storyboard */; };
		97291EE71F429F7E00AD2351 /* EAMovieAppTests.m in Sources */ = {isa = PBXBuildFile; fileRef = 97291EE61F429F7E00AD2351 /* EAMovieAppTests.m */; };
		97291EF21F429F7E00AD2351 /* EAMovieAppUITests.m in Sources */ = {isa = PBXBuildFile; fileRef = 97291EF11F429F7E00AD2351 /* EAMovieAppUITests.m */; };
/* End PBXBuildFile section */

/* Begin PBXContainerItemProxy section */
		97291EE31F429F7E00AD2351 /* PBXContainerItemProxy */ = {
			isa = PBXContainerItemProxy;
			containerPortal = 97291EC11F429F7E00AD2351 /* Project object */;
			proxyType = 1;
			remoteGlobalIDString = 97291EC81F429F7E00AD2351;
			remoteInfo = EAMovieApp;
		};
		97291EEE1F429F7E00AD2351 /* PBXContainerItemProxy */ = {
			isa = PBXContainerItemProxy;
			containerPortal = 97291EC11F429F7E00AD2351 /* Project object */;
			proxyType = 1;
			remoteGlobalIDString = 97291EC81F429F7E00AD2351;
			remoteInfo = EAMovieApp;
		};
/* End PBXContainerItemProxy section */

/* Begin PBXFileReference section */
		97291EC91F429F7E00AD2351 /* EAMovieApp.app */ = {isa = PBXFileReference; explicitFileType = wrapper.application; includeInIndex = 0; path = EAMovieApp.app; sourceTree = BUILT_PRODUCTS_DIR; };
		97291ECD1F429F7E00AD2351 /* main.m */ = {isa = PBXFileReference; lastKnownFileType = sourcecode.c.objc; path = main.m; sourceTree = "<group>"; };
		97291ECF1F429F7E00AD2351 /* AppDelegate.h */ = {isa = PBXFileReference; lastKnownFileType = sourcecode.c.h; path = AppDelegate.h; sourceTree = "<group>"; };
		97291ED01F429F7E00AD2351 /* AppDelegate.m */ = {isa = PBXFileReference; lastKnownFileType = sourcecode.c.objc; path = AppDelegate.m; sourceTree = "<group>"; };
		97291ED21F429F7E00AD2351 /* ViewController.h */ = {isa = PBXFileReference; lastKnownFileType = sourcecode.c.h; path = ViewController.h; sourceTree = "<group>"; };
		97291ED31F429F7E00AD2351 /* ViewController.m */ = {isa = PBXFileReference; lastKnownFileType = sourcecode.c.objc; path = ViewController.m; sourceTree = "<group>"; };
		97291ED61F429F7E00AD2351 /* Base */ = {isa = PBXFileReference; lastKnownFileType = file.storyboard; name = Base; path = Base.lproj/Main.storyboard; sourceTree = "<group>"; };
		97291ED81F429F7E00AD2351 /* Assets.xcassets */ = {isa = PBXFileReference; lastKnownFileType = folder.assetcatalog; path = Assets.xcassets; sourceTree = "<group>"; };
		97291EDB1F429F7E00AD2351 /* Base */ = {isa = PBXFileReference; lastKnownFileType = file.storyboard; name = Base; path = Base.lproj/LaunchScreen.storyboard; sourceTree = "<group>"; };
		97291EDD1F429F7E00AD2351 /* Info.plist */ = {isa = PBXFileReference; lastKnownFileType = text.plist.xml; path = Info.plist; sourceTree = "<group>"; };
		97291EE21F429F7E00AD2351 /* EAMovieAppTests.xctest */ = {isa = PBXFileReference; explicitFileType = wrapper.cfbundle; includeInIndex = 0; path = EAMovieAppTests.xctest; sourceTree = BUILT_PRODUCTS_DIR; };
		97291EE61F429F7E00AD2351 /* EAMovieAppTests.m */ = {isa = PBXFileReference; lastKnownFileType = sourcecode.c.objc; path = EAMovieAppTests.m; sourceTree = "<group>"; };
		97291EE81F429F7E00AD2351 /* Info.plist */ = {isa = PBXFileReference; lastKnownFileType = text.plist.xml; path = Info.plist; sourceTree = "<group>"; };
		97291EED1F429F7E00AD2351 /* EAMovieAppUITests.xctest */ = {isa = PBXFileReference; explicitFileType = wrapper.cfbundle; includeInIndex = 0; path = EAMovieAppUITests.xctest; sourceTree = BUILT_PRODUCTS_DIR; };
		97291EF11F429F7E00AD2351 /* EAMovieAppUITests.m */ = {isa = PBXFileReference; lastKnownFileType = sourcecode.c.objc; path = EAMovieAppUITests.m; sourceTree = "<group>"; };
		97291EF31F429F7E00AD2351 /* Info.plist */ = {isa = PBXFileReference; lastKnownFileType = text.plist.xml; path = Info.plist; sourceTree = "<group>"; };
/* End PBXFileReference section */

/* Begin PBXFrameworksBuildPhase section */
		97291EC61F429F7E00AD2351 /* Frameworks */ = {
			isa = PBXFrameworksBuildPhase;
			buildActionMask = 2147483647;
			files = (
			);
			runOnlyForDeploymentPostprocessing = 0;
		};
		97291EDF1F429F7E00AD2351 /* Frameworks */ = {
			isa = PBXFrameworksBuildPhase;
			buildActionMask = 2147483647;
			files = (
			);
			runOnlyForDeploymentPostprocessing = 0;
		};
		97291EEA1F429F7E00AD2351 /* Frameworks */ = {
			isa = PBXFrameworksBuildPhase;
			buildActionMask = 2147483647;
			files = (
			);
			runOnlyForDeploymentPostprocessing = 0;
		};
/* End PBXFrameworksBuildPhase section */

/* Begin PBXGroup section */
		97291EC01F429F7E00AD2351 = {
			isa = PBXGroup;
			children = (
				97291ECB1F429F7E00AD2351 /* EAMovieApp */,
				97291EE51F429F7E00AD2351 /* EAMovieAppTests */,
				97291EF01F429F7E00AD2351 /* EAMovieAppUITests */,
				97291ECA1F429F7E00AD2351 /* Products */,
			);
			sourceTree = "<group>";
		};
		97291ECA1F429F7E00AD2351 /* Products */ = {
			isa = PBXGroup;
			children = (
				97291EC91F429F7E00AD2351 /* EAMovieApp.app */,
				97291EE21F429F7E00AD2351 /* EAMovieAppTests.xctest */,
				97291EED1F429F7E00AD2351 /* EAMovieAppUITests.xctest */,
			);
			name = Products;
			sourceTree = "<group>";
		};
		97291ECB1F429F7E00AD2351 /* EAMovieApp */ = {
			isa = PBXGroup;
			children = (
				97291F021F429FC300AD2351 /* Layout */,
				97291F011F429FB800AD2351 /* App */,
				97291F001F429FAD00AD2351 /* Feature */,
				97291EFF1F429F9700AD2351 /* SupportingFile */,
			);
			path = EAMovieApp;
			sourceTree = "<group>";
		};
		97291EE51F429F7E00AD2351 /* EAMovieAppTests */ = {
			isa = PBXGroup;
			children = (
				97291EE61F429F7E00AD2351 /* EAMovieAppTests.m */,
				97291EE81F429F7E00AD2351 /* Info.plist */,
			);
			path = EAMovieAppTests;
			sourceTree = "<group>";
		};
		97291EF01F429F7E00AD2351 /* EAMovieAppUITests */ = {
			isa = PBXGroup;
			children = (
				97291EF11F429F7E00AD2351 /* EAMovieAppUITests.m */,
				97291EF31F429F7E00AD2351 /* Info.plist */,
			);
			path = EAMovieAppUITests;
			sourceTree = "<group>";
		};
		97291EFF1F429F9700AD2351 /* SupportingFile */ = {
			isa = PBXGroup;
			children = (
				97291ED81F429F7E00AD2351 /* Assets.xcassets */,
				97291EDD1F429F7E00AD2351 /* Info.plist */,
				97291ECD1F429F7E00AD2351 /* main.m */,
			);
			name = SupportingFile;
			sourceTree = "<group>";
		};
		97291F001F429FAD00AD2351 /* Feature */ = {
			isa = PBXGroup;
			children = (
				97291ED21F429F7E00AD2351 /* ViewController.h */,
				97291ED31F429F7E00AD2351 /* ViewController.m */,
			);
			name = Feature;
			sourceTree = "<group>";
		};
		97291F011F429FB800AD2351 /* App */ = {
			isa = PBXGroup;
			children = (
				97291ECF1F429F7E00AD2351 /* AppDelegate.h */,
				97291ED01F429F7E00AD2351 /* AppDelegate.m */,
			);
			name = App;
			sourceTree = "<group>";
		};
		97291F021F429FC300AD2351 /* Layout */ = {
			isa = PBXGroup;
			children = (
				97291ED51F429F7E00AD2351 /* Main.storyboard */,
				97291EDA1F429F7E00AD2351 /* LaunchScreen.storyboard */,
			);
			name = Layout;
			sourceTree = "<group>";
		};
/* End PBXGroup section */

/* Begin PBXNativeTarget section */
		97291EC81F429F7E00AD2351 /* EAMovieApp */ = {
			isa = PBXNativeTarget;
			buildConfigurationList = 97291EF61F429F7E00AD2351 /* Build configuration list for PBXNativeTarget "EAMovieApp" */;
			buildPhases = (
				97291EC51F429F7E00AD2351 /* Sources */,
				97291EC61F429F7E00AD2351 /* Frameworks */,
				97291EC71F429F7E00AD2351 /* Resources */,
			);
			buildRules = (
			);
			dependencies = (
			);
			name = EAMovieApp;
			productName = EAMovieApp;
			productReference = 97291EC91F429F7E00AD2351 /* EAMovieApp.app */;
			productType = "com.apple.product-type.application";
		};
		97291EE11F429F7E00AD2351 /* EAMovieAppTests */ = {
			isa = PBXNativeTarget;
			buildConfigurationList = 97291EF91F429F7E00AD2351 /* Build configuration list for PBXNativeTarget "EAMovieAppTests" */;
			buildPhases = (
				97291EDE1F429F7E00AD2351 /* Sources */,
				97291EDF1F429F7E00AD2351 /* Frameworks */,
				97291EE01F429F7E00AD2351 /* Resources */,
			);
			buildRules = (
			);
			dependencies = (
				97291EE41F429F7E00AD2351 /* PBXTargetDependency */,
			);
			name = EAMovieAppTests;
			productName = EAMovieAppTests;
			productReference = 97291EE21F429F7E00AD2351 /* EAMovieAppTests.xctest */;
			productType = "com.apple.product-type.bundle.unit-test";
		};
		97291EEC1F429F7E00AD2351 /* EAMovieAppUITests */ = {
			isa = PBXNativeTarget;
			buildConfigurationList = 97291EFC1F429F7E00AD2351 /* Build configuration list for PBXNativeTarget "EAMovieAppUITests" */;
			buildPhases = (
				97291EE91F429F7E00AD2351 /* Sources */,
				97291EEA1F429F7E00AD2351 /* Frameworks */,
				97291EEB1F429F7E00AD2351 /* Resources */,
			);
			buildRules = (
			);
			dependencies = (
				97291EEF1F429F7E00AD2351 /* PBXTargetDependency */,
			);
			name = EAMovieAppUITests;
			productName = EAMovieAppUITests;
			productReference = 97291EED1F429F7E00AD2351 /* EAMovieAppUITests.xctest */;
			productType = "com.apple.product-type.bundle.ui-testing";
		};
/* End PBXNativeTarget section */

/* Begin PBXProject section */
		97291EC11F429F7E00AD2351 /* Project object */ = {
			isa = PBXProject;
			attributes = {
				LastUpgradeCheck = 0830;
				ORGANIZATIONNAME = "East Agile";
				TargetAttributes = {
					97291EC81F429F7E00AD2351 = {
						CreatedOnToolsVersion = 8.3.3;
						DevelopmentTeam = R69758BRLK;
						ProvisioningStyle = Automatic;
					};
					97291EE11F429F7E00AD2351 = {
						CreatedOnToolsVersion = 8.3.3;
						DevelopmentTeam = R69758BRLK;
						ProvisioningStyle = Automatic;
						TestTargetID = 97291EC81F429F7E00AD2351;
					};
					97291EEC1F429F7E00AD2351 = {
						CreatedOnToolsVersion = 8.3.3;
						DevelopmentTeam = R69758BRLK;
						ProvisioningStyle = Automatic;
						TestTargetID = 97291EC81F429F7E00AD2351;
					};
				};
			};
			buildConfigurationList = 97291EC41F429F7E00AD2351 /* Build configuration list for PBXProject "EAMovieApp" */;
			compatibilityVersion = "Xcode 3.2";
			developmentRegion = English;
			hasScannedForEncodings = 0;
			knownRegions = (
				en,
				Base,
			);
			mainGroup = 97291EC01F429F7E00AD2351;
			productRefGroup = 97291ECA1F429F7E00AD2351 /* Products */;
			projectDirPath = "";
			projectRoot = "";
			targets = (
				97291EC81F429F7E00AD2351 /* EAMovieApp */,
				97291EE11F429F7E00AD2351 /* EAMovieAppTests */,
				97291EEC1F429F7E00AD2351 /* EAMovieAppUITests */,
			);
		};
/* End PBXProject section */

/* Begin PBXResourcesBuildPhase section */
		97291EC71F429F7E00AD2351 /* Resources */ = {
			isa = PBXResourcesBuildPhase;
			buildActionMask = 2147483647;
			files = (
				97291EDC1F429F7E00AD2351 /* LaunchScreen.storyboard in Resources */,
				97291ED91F429F7E00AD2351 /* Assets.xcassets in Resources */,
				97291ED71F429F7E00AD2351 /* Main.storyboard in Resources */,
			);
			runOnlyForDeploymentPostprocessing = 0;
		};
		97291EE01F429F7E00AD2351 /* Resources */ = {
			isa = PBXResourcesBuildPhase;
			buildActionMask = 2147483647;
			files = (
			);
			runOnlyForDeploymentPostprocessing = 0;
		};
		97291EEB1F429F7E00AD2351 /* Resources */ = {
			isa = PBXResourcesBuildPhase;
			buildActionMask = 2147483647;
			files = (
			);
			runOnlyForDeploymentPostprocessing = 0;
		};
/* End PBXResourcesBuildPhase section */

/* Begin PBXSourcesBuildPhase section */
		97291EC51F429F7E00AD2351 /* Sources */ = {
			isa = PBXSourcesBuildPhase;
			buildActionMask = 2147483647;
			files = (
				97291ED41F429F7E00AD2351 /* ViewController.m in Sources */,
				97291ED11F429F7E00AD2351 /* AppDelegate.m in Sources */,
				97291ECE1F429F7E00AD2351 /* main.m in Sources */,
			);
			runOnlyForDeploymentPostprocessing = 0;
		};
		97291EDE1F429F7E00AD2351 /* Sources */ = {
			isa = PBXSourcesBuildPhase;
			buildActionMask = 2147483647;
			files = (
				97291EE71F429F7E00AD2351 /* EAMovieAppTests.m in Sources */,
			);
			runOnlyForDeploymentPostprocessing = 0;
		};
		97291EE91F429F7E00AD2351 /* Sources */ = {
			isa = PBXSourcesBuildPhase;
			buildActionMask = 2147483647;
			files = (
				97291EF21F429F7E00AD2351 /* EAMovieAppUITests.m in Sources */,
			);
			runOnlyForDeploymentPostprocessing = 0;
		};
/* End PBXSourcesBuildPhase section */

/* Begin PBXTargetDependency section */
		97291EE41F429F7E00AD2351 /* PBXTargetDependency */ = {
			isa = PBXTargetDependency;
			target = 97291EC81F429F7E00AD2351 /* EAMovieApp */;
			targetProxy = 97291EE31F429F7E00AD2351 /* PBXContainerItemProxy */;
		};
		97291EEF1F429F7E00AD2351 /* PBXTargetDependency */ = {
			isa = PBXTargetDependency;
			target = 97291EC81F429F7E00AD2351 /* EAMovieApp */;
			targetProxy = 97291EEE1F429F7E00AD2351 /* PBXContainerItemProxy */;
		};
/* End PBXTargetDependency section */

/* Begin PBXVariantGroup section */
		97291ED51F429F7E00AD2351 /* Main.storyboard */ = {
			isa = PBXVariantGroup;
			children = (
				97291ED61F429F7E00AD2351 /* Base */,
			);
			name = Main.storyboard;
			sourceTree = "<group>";
		};
		97291EDA1F429F7E00AD2351 /* LaunchScreen.storyboard */ = {
			isa = PBXVariantGroup;
			children = (
				97291EDB1F429F7E00AD2351 /* Base */,
			);
			name = LaunchScreen.storyboard;
			sourceTree = "<group>";
		};
/* End PBXVariantGroup section */

/* Begin XCBuildConfiguration section */
		97291EF41F429F7E00AD2351 /* Debug */ = {
			isa = XCBuildConfiguration;
			buildSettings = {
				ALWAYS_SEARCH_USER_PATHS = NO;
				CLANG_ANALYZER_NONNULL = YES;
				CLANG_ANALYZER_NUMBER_OBJECT_CONVERSION = YES_AGGRESSIVE;
				CLANG_CXX_LANGUAGE_STANDARD = "gnu++0x";
				CLANG_CXX_LIBRARY = "libc++";
				CLANG_ENABLE_MODULES = YES;
				CLANG_ENABLE_OBJC_ARC = YES;
				CLANG_WARN_BOOL_CONVERSION = YES;
				CLANG_WARN_CONSTANT_CONVERSION = YES;
				CLANG_WARN_DIRECT_OBJC_ISA_USAGE = YES_ERROR;
				CLANG_WARN_DOCUMENTATION_COMMENTS = YES;
				CLANG_WARN_EMPTY_BODY = YES;
				CLANG_WARN_ENUM_CONVERSION = YES;
				CLANG_WARN_INFINITE_RECURSION = YES;
				CLANG_WARN_INT_CONVERSION = YES;
				CLANG_WARN_OBJC_ROOT_CLASS = YES_ERROR;
				CLANG_WARN_SUSPICIOUS_MOVE = YES;
				CLANG_WARN_UNREACHABLE_CODE = YES;
				CLANG_WARN__DUPLICATE_METHOD_MATCH = YES;
				"CODE_SIGN_IDENTITY[sdk=iphoneos*]" = "iPhone Developer";
				COPY_PHASE_STRIP = NO;
				DEBUG_INFORMATION_FORMAT = dwarf;
				ENABLE_STRICT_OBJC_MSGSEND = YES;
				ENABLE_TESTABILITY = YES;
				GCC_C_LANGUAGE_STANDARD = gnu99;
				GCC_DYNAMIC_NO_PIC = NO;
				GCC_NO_COMMON_BLOCKS = YES;
				GCC_OPTIMIZATION_LEVEL = 0;
				GCC_PREPROCESSOR_DEFINITIONS = (
					"DEBUG=1",
					"$(inherited)",
				);
				GCC_WARN_64_TO_32_BIT_CONVERSION = YES;
				GCC_WARN_ABOUT_RETURN_TYPE = YES_ERROR;
				GCC_WARN_UNDECLARED_SELECTOR = YES;
				GCC_WARN_UNINITIALIZED_AUTOS = YES_AGGRESSIVE;
				GCC_WARN_UNUSED_FUNCTION = YES;
				GCC_WARN_UNUSED_VARIABLE = YES;
				IPHONEOS_DEPLOYMENT_TARGET = 10.3;
				MTL_ENABLE_DEBUG_INFO = YES;
				ONLY_ACTIVE_ARCH = YES;
				SDKROOT = iphoneos;
				TARGETED_DEVICE_FAMILY = "1,2";
			};
			name = Debug;
		};
		97291EF51F429F7E00AD2351 /* Release */ = {
			isa = XCBuildConfiguration;
			buildSettings = {
				ALWAYS_SEARCH_USER_PATHS = NO;
				CLANG_ANALYZER_NONNULL = YES;
				CLANG_ANALYZER_NUMBER_OBJECT_CONVERSION = YES_AGGRESSIVE;
				CLANG_CXX_LANGUAGE_STANDARD = "gnu++0x";
				CLANG_CXX_LIBRARY = "libc++";
				CLANG_ENABLE_MODULES = YES;
				CLANG_ENABLE_OBJC_ARC = YES;
				CLANG_WARN_BOOL_CONVERSION = YES;
				CLANG_WARN_CONSTANT_CONVERSION = YES;
				CLANG_WARN_DIRECT_OBJC_ISA_USAGE = YES_ERROR;
				CLANG_WARN_DOCUMENTATION_COMMENTS = YES;
				CLANG_WARN_EMPTY_BODY = YES;
				CLANG_WARN_ENUM_CONVERSION = YES;
				CLANG_WARN_INFINITE_RECURSION = YES;
				CLANG_WARN_INT_CONVERSION = YES;
				CLANG_WARN_OBJC_ROOT_CLASS = YES_ERROR;
				CLANG_WARN_SUSPICIOUS_MOVE = YES;
				CLANG_WARN_UNREACHABLE_CODE = YES;
				CLANG_WARN__DUPLICATE_METHOD_MATCH = YES;
				"CODE_SIGN_IDENTITY[sdk=iphoneos*]" = "iPhone Developer";
				COPY_PHASE_STRIP = NO;
				DEBUG_INFORMATION_FORMAT = "dwarf-with-dsym";
				ENABLE_NS_ASSERTIONS = NO;
				ENABLE_STRICT_OBJC_MSGSEND = YES;
				GCC_C_LANGUAGE_STANDARD = gnu99;
				GCC_NO_COMMON_BLOCKS = YES;
				GCC_WARN_64_TO_32_BIT_CONVERSION = YES;
				GCC_WARN_ABOUT_RETURN_TYPE = YES_ERROR;
				GCC_WARN_UNDECLARED_SELECTOR = YES;
				GCC_WARN_UNINITIALIZED_AUTOS = YES_AGGRESSIVE;
				GCC_WARN_UNUSED_FUNCTION = YES;
				GCC_WARN_UNUSED_VARIABLE = YES;
				IPHONEOS_DEPLOYMENT_TARGET = 10.3;
				MTL_ENABLE_DEBUG_INFO = NO;
				SDKROOT = iphoneos;
				TARGETED_DEVICE_FAMILY = "1,2";
				VALIDATE_PRODUCT = YES;
			};
			name = Release;
		};
		97291EF71F429F7E00AD2351 /* Debug */ = {
			isa = XCBuildConfiguration;
			buildSettings = {
				ASSETCATALOG_COMPILER_APPICON_NAME = AppIcon;
				DEVELOPMENT_TEAM = R69758BRLK;
				INFOPLIST_FILE = EAMovieApp/Info.plist;
				IPHONEOS_DEPLOYMENT_TARGET = 8.0;
				LD_RUNPATH_SEARCH_PATHS = "$(inherited) @executable_path/Frameworks";
				PRODUCT_BUNDLE_IDENTIFIER = com.eastagile.EAMovieApp;
				PRODUCT_NAME = "$(TARGET_NAME)";
			};
			name = Debug;
		};
		97291EF81F429F7E00AD2351 /* Release */ = {
			isa = XCBuildConfiguration;
			buildSettings = {
				ASSETCATALOG_COMPILER_APPICON_NAME = AppIcon;
				DEVELOPMENT_TEAM = R69758BRLK;
				INFOPLIST_FILE = EAMovieApp/Info.plist;
				IPHONEOS_DEPLOYMENT_TARGET = 8.0;
				LD_RUNPATH_SEARCH_PATHS = "$(inherited) @executable_path/Frameworks";
				PRODUCT_BUNDLE_IDENTIFIER = com.eastagile.EAMovieApp;
				PRODUCT_NAME = "$(TARGET_NAME)";
			};
			name = Release;
		};
		97291EFA1F429F7E00AD2351 /* Debug */ = {
			isa = XCBuildConfiguration;
			buildSettings = {
				BUNDLE_LOADER = "$(TEST_HOST)";
				DEVELOPMENT_TEAM = R69758BRLK;
				INFOPLIST_FILE = EAMovieAppTests/Info.plist;
				LD_RUNPATH_SEARCH_PATHS = "$(inherited) @executable_path/Frameworks @loader_path/Frameworks";
				PRODUCT_BUNDLE_IDENTIFIER = com.eastagile.EAMovieAppTests;
				PRODUCT_NAME = "$(TARGET_NAME)";
				TEST_HOST = "$(BUILT_PRODUCTS_DIR)/EAMovieApp.app/EAMovieApp";
			};
			name = Debug;
		};
		97291EFB1F429F7E00AD2351 /* Release */ = {
			isa = XCBuildConfiguration;
			buildSettings = {
				BUNDLE_LOADER = "$(TEST_HOST)";
				DEVELOPMENT_TEAM = R69758BRLK;
				INFOPLIST_FILE = EAMovieAppTests/Info.plist;
				LD_RUNPATH_SEARCH_PATHS = "$(inherited) @executable_path/Frameworks @loader_path/Frameworks";
				PRODUCT_BUNDLE_IDENTIFIER = com.eastagile.EAMovieAppTests;
				PRODUCT_NAME = "$(TARGET_NAME)";
				TEST_HOST = "$(BUILT_PRODUCTS_DIR)/EAMovieApp.app/EAMovieApp";
			};
			name = Release;
		};
		97291EFD1F429F7E00AD2351 /* Debug */ = {
			isa = XCBuildConfiguration;
			buildSettings = {
				DEVELOPMENT_TEAM = R69758BRLK;
				INFOPLIST_FILE = EAMovieAppUITests/Info.plist;
				LD_RUNPATH_SEARCH_PATHS = "$(inherited) @executable_path/Frameworks @loader_path/Frameworks";
				PRODUCT_BUNDLE_IDENTIFIER = com.eastagile.EAMovieAppUITests;
				PRODUCT_NAME = "$(TARGET_NAME)";
				TEST_TARGET_NAME = EAMovieApp;
			};
			name = Debug;
		};
		97291EFE1F429F7E00AD2351 /* Release */ = {
			isa = XCBuildConfiguration;
			buildSettings = {
				DEVELOPMENT_TEAM = R69758BRLK;
				INFOPLIST_FILE = EAMovieAppUITests/Info.plist;
				LD_RUNPATH_SEARCH_PATHS = "$(inherited) @executable_path/Frameworks @loader_path/Frameworks";
				PRODUCT_BUNDLE_IDENTIFIER = com.eastagile.EAMovieAppUITests;
				PRODUCT_NAME = "$(TARGET_NAME)";
				TEST_TARGET_NAME = EAMovieApp;
			};
			name = Release;
		};
/* End XCBuildConfiguration section */

/* Begin XCConfigurationList section */
		97291EC41F429F7E00AD2351 /* Build configuration list for PBXProject "EAMovieApp" */ = {
			isa = XCConfigurationList;
			buildConfigurations = (
				97291EF41F429F7E00AD2351 /* Debug */,
				97291EF51F429F7E00AD2351 /* Release */,
			);
			defaultConfigurationIsVisible = 0;
			defaultConfigurationName = Release;
		};
		97291EF61F429F7E00AD2351 /* Build configuration list for PBXNativeTarget "EAMovieApp" */ = {
			isa = XCConfigurationList;
			buildConfigurations = (
				97291EF71F429F7E00AD2351 /* Debug */,
				97291EF81F429F7E00AD2351 /* Release */,
			);
			defaultConfigurationIsVisible = 0;
		};
		97291EF91F429F7E00AD2351 /* Build configuration list for PBXNativeTarget "EAMovieAppTests" */ = {
			isa = XCConfigurationList;
			buildConfigurations = (
				97291EFA1F429F7E00AD2351 /* Debug */,
				97291EFB1F429F7E00AD2351 /* Release */,
			);
			defaultConfigurationIsVisible = 0;
		};
		97291EFC1F429F7E00AD2351 /* Build configuration list for PBXNativeTarget "EAMovieAppUITests" */ = {
			isa = XCConfigurationList;
			buildConfigurations = (
				97291EFD1F429F7E00AD2351 /* Debug */,
				97291EFE1F429F7E00AD2351 /* Release */,
			);
			defaultConfigurationIsVisible = 0;
		};
/* End XCConfigurationList section */
	};
	rootObject = 97291EC11F429F7E00AD2351 /* Project object */;
}
