// !$*UTF8*$!
{
	archiveVersion = 1;
	classes = {
	};
	objectVersion = 46;
	objects = {

/* Begin PBXBuildFile section */
		103CF3E2860D8DAF9FAF4645 /* libPods-EAMovieApp.a in Frameworks */ = {isa = PBXBuildFile; fileRef = 4013A4FB2949C1E147141224 /* libPods-EAMovieApp.a */; };
		97291ECE1F429F7E00AD2351 /* main.m in Sources */ = {isa = PBXBuildFile; fileRef = 97291ECD1F429F7E00AD2351 /* main.m */; };
		97291ED11F429F7E00AD2351 /* AppDelegate.m in Sources */ = {isa = PBXBuildFile; fileRef = 97291ED01F429F7E00AD2351 /* AppDelegate.m */; };
		97291ED71F429F7E00AD2351 /* Main.storyboard in Resources */ = {isa = PBXBuildFile; fileRef = 97291ED51F429F7E00AD2351 /* Main.storyboard */; };
		97291ED91F429F7E00AD2351 /* Assets.xcassets in Resources */ = {isa = PBXBuildFile; fileRef = 97291ED81F429F7E00AD2351 /* Assets.xcassets */; };
		97291EDC1F429F7E00AD2351 /* LaunchScreen.storyboard in Resources */ = {isa = PBXBuildFile; fileRef = 97291EDA1F429F7E00AD2351 /* LaunchScreen.storyboard */; };
		97291F081F42AA2A00AD2351 /* WelcomeViewController.m in Sources */ = {isa = PBXBuildFile; fileRef = 97291F071F42AA2A00AD2351 /* WelcomeViewController.m */; };
		97291F0B1F42ABD600AD2351 /* Localizable.strings in Resources */ = {isa = PBXBuildFile; fileRef = 97291F0D1F42ABD600AD2351 /* Localizable.strings */; };
		97291F111F42ACC000AD2351 /* Localizable.m in Sources */ = {isa = PBXBuildFile; fileRef = 97291F101F42ACC000AD2351 /* Localizable.m */; };
		97291F171F42B21C00AD2351 /* Constant.m in Sources */ = {isa = PBXBuildFile; fileRef = 97291F161F42B21C00AD2351 /* Constant.m */; };
		97291F1F1F42CD9300AD2351 /* UIView+Extension.m in Sources */ = {isa = PBXBuildFile; fileRef = 97291F1E1F42CD9300AD2351 /* UIView+Extension.m */; };
		97291F251F42E18B00AD2351 /* WelcomeViewTests.m in Sources */ = {isa = PBXBuildFile; fileRef = 97291F241F42E18B00AD2351 /* WelcomeViewTests.m */; };
		97291F261F42E1B200AD2351 /* Localizable.strings in Resources */ = {isa = PBXBuildFile; fileRef = 97291F0D1F42ABD600AD2351 /* Localizable.strings */; };
		97291F271F42E1BE00AD2351 /* Localizable.m in Sources */ = {isa = PBXBuildFile; fileRef = 97291F101F42ACC000AD2351 /* Localizable.m */; };
		97291F2B1F42E65200AD2351 /* SignInViewController.m in Sources */ = {isa = PBXBuildFile; fileRef = 97291F2A1F42E65200AD2351 /* SignInViewController.m */; };
		97291F301F42FB6C00AD2351 /* SignUpViewController.m in Sources */ = {isa = PBXBuildFile; fileRef = 97291F2F1F42FB6C00AD2351 /* SignUpViewController.m */; };
		CB48587BD34615C444C6332E /* libPods-EAMovieAppUITests.a in Frameworks */ = {isa = PBXBuildFile; fileRef = BF41C29BD1800F50125487DB /* libPods-EAMovieAppUITests.a */; };
		ED98CFE7F2B400E2E70237D9 /* libPods-EAMovieAppTests.a in Frameworks */ = {isa = PBXBuildFile; fileRef = 0D309C64818C06D4C3BAF9D5 /* libPods-EAMovieAppTests.a */; };
/* End PBXBuildFile section */

/* Begin PBXContainerItemProxy section */
		97291EE31F429F7E00AD2351 /* PBXContainerItemProxy */ = {
			isa = PBXContainerItemProxy;
			containerPortal = 97291EC11F429F7E00AD2351 /* Project object */;
			proxyType = 1;
			remoteGlobalIDString = 97291EC81F429F7E00AD2351;
			remoteInfo = EAMovieApp;
		};
		97291EEE1F429F7E00AD2351 /* PBXContainerItemProxy */ = {
			isa = PBXContainerItemProxy;
			containerPortal = 97291EC11F429F7E00AD2351 /* Project object */;
			proxyType = 1;
			remoteGlobalIDString = 97291EC81F429F7E00AD2351;
			remoteInfo = EAMovieApp;
		};
/* End PBXContainerItemProxy section */

/* Begin PBXFileReference section */
		0D309C64818C06D4C3BAF9D5 /* libPods-EAMovieAppTests.a */ = {isa = PBXFileReference; explicitFileType = archive.ar; includeInIndex = 0; path = "libPods-EAMovieAppTests.a"; sourceTree = BUILT_PRODUCTS_DIR; };
		4013A4FB2949C1E147141224 /* libPods-EAMovieApp.a */ = {isa = PBXFileReference; explicitFileType = archive.ar; includeInIndex = 0; path = "libPods-EAMovieApp.a"; sourceTree = BUILT_PRODUCTS_DIR; };
		4CC136D63AEEFF55E59B6819 /* Pods-EAMovieApp.release.xcconfig */ = {isa = PBXFileReference; includeInIndex = 1; lastKnownFileType = text.xcconfig; name = "Pods-EAMovieApp.release.xcconfig"; path = "../Pods/Target Support Files/Pods-EAMovieApp/Pods-EAMovieApp.release.xcconfig"; sourceTree = "<group>"; };
		97291EC91F429F7E00AD2351 /* EAMovieApp.app */ = {isa = PBXFileReference; explicitFileType = wrapper.application; includeInIndex = 0; path = EAMovieApp.app; sourceTree = BUILT_PRODUCTS_DIR; };
		97291ECD1F429F7E00AD2351 /* main.m */ = {isa = PBXFileReference; lastKnownFileType = sourcecode.c.objc; path = main.m; sourceTree = "<group>"; };
		97291ECF1F429F7E00AD2351 /* AppDelegate.h */ = {isa = PBXFileReference; lastKnownFileType = sourcecode.c.h; path = AppDelegate.h; sourceTree = "<group>"; };
		97291ED01F429F7E00AD2351 /* AppDelegate.m */ = {isa = PBXFileReference; lastKnownFileType = sourcecode.c.objc; path = AppDelegate.m; sourceTree = "<group>"; };
		97291ED61F429F7E00AD2351 /* Base */ = {isa = PBXFileReference; lastKnownFileType = file.storyboard; name = Base; path = Base.lproj/Main.storyboard; sourceTree = "<group>"; };
		97291ED81F429F7E00AD2351 /* Assets.xcassets */ = {isa = PBXFileReference; lastKnownFileType = folder.assetcatalog; path = Assets.xcassets; sourceTree = "<group>"; };
		97291EDB1F429F7E00AD2351 /* Base */ = {isa = PBXFileReference; lastKnownFileType = file.storyboard; name = Base; path = Base.lproj/LaunchScreen.storyboard; sourceTree = "<group>"; };
		97291EDD1F429F7E00AD2351 /* Info.plist */ = {isa = PBXFileReference; lastKnownFileType = text.plist.xml; path = Info.plist; sourceTree = "<group>"; };
		97291EE21F429F7E00AD2351 /* EAMovieAppTests.xctest */ = {isa = PBXFileReference; explicitFileType = wrapper.cfbundle; includeInIndex = 0; path = EAMovieAppTests.xctest; sourceTree = BUILT_PRODUCTS_DIR; };
		97291EE81F429F7E00AD2351 /* Info.plist */ = {isa = PBXFileReference; lastKnownFileType = text.plist.xml; path = Info.plist; sourceTree = "<group>"; };
		97291EED1F429F7E00AD2351 /* EAMovieAppUITests.xctest */ = {isa = PBXFileReference; explicitFileType = wrapper.cfbundle; includeInIndex = 0; path = EAMovieAppUITests.xctest; sourceTree = BUILT_PRODUCTS_DIR; };
		97291EF31F429F7E00AD2351 /* Info.plist */ = {isa = PBXFileReference; lastKnownFileType = text.plist.xml; path = Info.plist; sourceTree = "<group>"; };
		97291F061F42AA2A00AD2351 /* WelcomeViewController.h */ = {isa = PBXFileReference; fileEncoding = 4; lastKnownFileType = sourcecode.c.h; path = WelcomeViewController.h; sourceTree = "<group>"; };
		97291F071F42AA2A00AD2351 /* WelcomeViewController.m */ = {isa = PBXFileReference; fileEncoding = 4; lastKnownFileType = sourcecode.c.objc; path = WelcomeViewController.m; sourceTree = "<group>"; };
		97291F0C1F42ABD600AD2351 /* Base */ = {isa = PBXFileReference; lastKnownFileType = text.plist.strings; name = Base; path = Base.lproj/Localizable.strings; sourceTree = "<group>"; };
		97291F0F1F42ACC000AD2351 /* Localizable.h */ = {isa = PBXFileReference; fileEncoding = 4; lastKnownFileType = sourcecode.c.h; path = Localizable.h; sourceTree = "<group>"; };
		97291F101F42ACC000AD2351 /* Localizable.m */ = {isa = PBXFileReference; fileEncoding = 4; lastKnownFileType = sourcecode.c.objc; path = Localizable.m; sourceTree = "<group>"; };
		97291F131F42AEE200AD2351 /* PrefixHeader.pch */ = {isa = PBXFileReference; lastKnownFileType = sourcecode.c.h; path = PrefixHeader.pch; sourceTree = "<group>"; };
		97291F141F42B0BA00AD2351 /* en */ = {isa = PBXFileReference; lastKnownFileType = text.plist.strings; name = en; path = en.lproj/Localizable.strings; sourceTree = "<group>"; };
		97291F151F42B21C00AD2351 /* Constant.h */ = {isa = PBXFileReference; fileEncoding = 4; lastKnownFileType = sourcecode.c.h; path = Constant.h; sourceTree = "<group>"; };
		97291F161F42B21C00AD2351 /* Constant.m */ = {isa = PBXFileReference; fileEncoding = 4; lastKnownFileType = sourcecode.c.objc; path = Constant.m; sourceTree = "<group>"; };
		97291F1D1F42CD9300AD2351 /* UIView+Extension.h */ = {isa = PBXFileReference; fileEncoding = 4; lastKnownFileType = sourcecode.c.h; path = "UIView+Extension.h"; sourceTree = "<group>"; };
		97291F1E1F42CD9300AD2351 /* UIView+Extension.m */ = {isa = PBXFileReference; fileEncoding = 4; lastKnownFileType = sourcecode.c.objc; path = "UIView+Extension.m"; sourceTree = "<group>"; };
		97291F231F42E15D00AD2351 /* PrefixHeaderUnitTest.pch */ = {isa = PBXFileReference; lastKnownFileType = sourcecode.c.h; path = PrefixHeaderUnitTest.pch; sourceTree = "<group>"; };
		97291F241F42E18B00AD2351 /* WelcomeViewTests.m */ = {isa = PBXFileReference; fileEncoding = 4; lastKnownFileType = sourcecode.c.objc; path = WelcomeViewTests.m; sourceTree = "<group>"; };
		97291F291F42E65200AD2351 /* SignInViewController.h */ = {isa = PBXFileReference; fileEncoding = 4; lastKnownFileType = sourcecode.c.h; path = SignInViewController.h; sourceTree = "<group>"; };
		97291F2A1F42E65200AD2351 /* SignInViewController.m */ = {isa = PBXFileReference; fileEncoding = 4; lastKnownFileType = sourcecode.c.objc; path = SignInViewController.m; sourceTree = "<group>"; };
		97291F2E1F42FB6C00AD2351 /* SignUpViewController.h */ = {isa = PBXFileReference; fileEncoding = 4; lastKnownFileType = sourcecode.c.h; path = SignUpViewController.h; sourceTree = "<group>"; };
		97291F2F1F42FB6C00AD2351 /* SignUpViewController.m */ = {isa = PBXFileReference; fileEncoding = 4; lastKnownFileType = sourcecode.c.objc; path = SignUpViewController.m; sourceTree = "<group>"; };
		BF212A87AECE5AA44C602B6B /* Pods-EAMovieAppTests.release.xcconfig */ = {isa = PBXFileReference; includeInIndex = 1; lastKnownFileType = text.xcconfig; name = "Pods-EAMovieAppTests.release.xcconfig"; path = "../Pods/Target Support Files/Pods-EAMovieAppTests/Pods-EAMovieAppTests.release.xcconfig"; sourceTree = "<group>"; };
		BF41C29BD1800F50125487DB /* libPods-EAMovieAppUITests.a */ = {isa = PBXFileReference; explicitFileType = archive.ar; includeInIndex = 0; path = "libPods-EAMovieAppUITests.a"; sourceTree = BUILT_PRODUCTS_DIR; };
		CD26A73D495843F45C1E5AB2 /* Pods-EAMovieAppTests.debug.xcconfig */ = {isa = PBXFileReference; includeInIndex = 1; lastKnownFileType = text.xcconfig; name = "Pods-EAMovieAppTests.debug.xcconfig"; path = "../Pods/Target Support Files/Pods-EAMovieAppTests/Pods-EAMovieAppTests.debug.xcconfig"; sourceTree = "<group>"; };
		D02E2F7D8E43FC7AF9CF2600 /* Pods-EAMovieAppUITests.debug.xcconfig */ = {isa = PBXFileReference; includeInIndex = 1; lastKnownFileType = text.xcconfig; name = "Pods-EAMovieAppUITests.debug.xcconfig"; path = "../Pods/Target Support Files/Pods-EAMovieAppUITests/Pods-EAMovieAppUITests.debug.xcconfig"; sourceTree = "<group>"; };
		DB6AF7936EA45EB23BD85B1B /* Pods-EAMovieAppUITests.release.xcconfig */ = {isa = PBXFileReference; includeInIndex = 1; lastKnownFileType = text.xcconfig; name = "Pods-EAMovieAppUITests.release.xcconfig"; path = "../Pods/Target Support Files/Pods-EAMovieAppUITests/Pods-EAMovieAppUITests.release.xcconfig"; sourceTree = "<group>"; };
		FE7CB72577660A5EDF179AE8 /* Pods-EAMovieApp.debug.xcconfig */ = {isa = PBXFileReference; includeInIndex = 1; lastKnownFileType = text.xcconfig; name = "Pods-EAMovieApp.debug.xcconfig"; path = "../Pods/Target Support Files/Pods-EAMovieApp/Pods-EAMovieApp.debug.xcconfig"; sourceTree = "<group>"; };
/* End PBXFileReference section */

/* Begin PBXFrameworksBuildPhase section */
		97291EC61F429F7E00AD2351 /* Frameworks */ = {
			isa = PBXFrameworksBuildPhase;
			buildActionMask = 2147483647;
			files = (
				103CF3E2860D8DAF9FAF4645 /* libPods-EAMovieApp.a in Frameworks */,
			);
			runOnlyForDeploymentPostprocessing = 0;
		};
		97291EDF1F429F7E00AD2351 /* Frameworks */ = {
			isa = PBXFrameworksBuildPhase;
			buildActionMask = 2147483647;
			files = (
				ED98CFE7F2B400E2E70237D9 /* libPods-EAMovieAppTests.a in Frameworks */,
			);
			runOnlyForDeploymentPostprocessing = 0;
		};
		97291EEA1F429F7E00AD2351 /* Frameworks */ = {
			isa = PBXFrameworksBuildPhase;
			buildActionMask = 2147483647;
			files = (
				CB48587BD34615C444C6332E /* libPods-EAMovieAppUITests.a in Frameworks */,
			);
			runOnlyForDeploymentPostprocessing = 0;
		};
/* End PBXFrameworksBuildPhase section */

/* Begin PBXGroup section */
		17B8F5494643E23A71118C3A /* Pods */ = {
			isa = PBXGroup;
			children = (
				FE7CB72577660A5EDF179AE8 /* Pods-EAMovieApp.debug.xcconfig */,
				4CC136D63AEEFF55E59B6819 /* Pods-EAMovieApp.release.xcconfig */,
				CD26A73D495843F45C1E5AB2 /* Pods-EAMovieAppTests.debug.xcconfig */,
				BF212A87AECE5AA44C602B6B /* Pods-EAMovieAppTests.release.xcconfig */,
				D02E2F7D8E43FC7AF9CF2600 /* Pods-EAMovieAppUITests.debug.xcconfig */,
				DB6AF7936EA45EB23BD85B1B /* Pods-EAMovieAppUITests.release.xcconfig */,
			);
			name = Pods;
			sourceTree = "<group>";
		};
		942ECBF760D80876704DF3B6 /* Frameworks */ = {
			isa = PBXGroup;
			children = (
				4013A4FB2949C1E147141224 /* libPods-EAMovieApp.a */,
				0D309C64818C06D4C3BAF9D5 /* libPods-EAMovieAppTests.a */,
				BF41C29BD1800F50125487DB /* libPods-EAMovieAppUITests.a */,
			);
			name = Frameworks;
			sourceTree = "<group>";
		};
		97291EC01F429F7E00AD2351 = {
			isa = PBXGroup;
			children = (
				97291ECB1F429F7E00AD2351 /* EAMovieApp */,
				97291EE51F429F7E00AD2351 /* EAMovieAppTests */,
				97291EF01F429F7E00AD2351 /* EAMovieAppUITests */,
				97291ECA1F429F7E00AD2351 /* Products */,
				17B8F5494643E23A71118C3A /* Pods */,
				942ECBF760D80876704DF3B6 /* Frameworks */,
			);
			sourceTree = "<group>";
		};
		97291ECA1F429F7E00AD2351 /* Products */ = {
			isa = PBXGroup;
			children = (
				97291EC91F429F7E00AD2351 /* EAMovieApp.app */,
				97291EE21F429F7E00AD2351 /* EAMovieAppTests.xctest */,
				97291EED1F429F7E00AD2351 /* EAMovieAppUITests.xctest */,
			);
			name = Products;
			sourceTree = "<group>";
		};
		97291ECB1F429F7E00AD2351 /* EAMovieApp */ = {
			isa = PBXGroup;
			children = (
				97291F021F429FC300AD2351 /* Layout */,
				97291F011F429FB800AD2351 /* App */,
				97291F001F429FAD00AD2351 /* Feature */,
				97291EFF1F429F9700AD2351 /* SupportingFile */,
			);
			path = EAMovieApp;
			sourceTree = "<group>";
		};
		97291EE51F429F7E00AD2351 /* EAMovieAppTests */ = {
			isa = PBXGroup;
			children = (
				97291F241F42E18B00AD2351 /* WelcomeViewTests.m */,
				97291EE81F429F7E00AD2351 /* Info.plist */,
				97291F231F42E15D00AD2351 /* PrefixHeaderUnitTest.pch */,
			);
			path = EAMovieAppTests;
			sourceTree = "<group>";
		};
		97291EF01F429F7E00AD2351 /* EAMovieAppUITests */ = {
			isa = PBXGroup;
			children = (
				97291EF31F429F7E00AD2351 /* Info.plist */,
			);
			path = EAMovieAppUITests;
			sourceTree = "<group>";
		};
		97291EFF1F429F9700AD2351 /* SupportingFile */ = {
			isa = PBXGroup;
			children = (
				97291ED81F429F7E00AD2351 /* Assets.xcassets */,
				97291EDD1F429F7E00AD2351 /* Info.plist */,
				97291ECD1F429F7E00AD2351 /* main.m */,
				97291F0D1F42ABD600AD2351 /* Localizable.strings */,
				97291F131F42AEE200AD2351 /* PrefixHeader.pch */,
			);
			name = SupportingFile;
			sourceTree = "<group>";
		};
		97291F001F429FAD00AD2351 /* Feature */ = {
			isa = PBXGroup;
			children = (
				97291F2D1F42FA3E00AD2351 /* Signup */,
				97291F281F42E62700AD2351 /* SignIn */,
				97291F051F42AA0B00AD2351 /* Welcome */,
			);
			name = Feature;
			sourceTree = "<group>";
		};
		97291F011F429FB800AD2351 /* App */ = {
			isa = PBXGroup;
			children = (
				97291F181F42CC7800AD2351 /* Extension */,
				97291F121F42ACC400AD2351 /* Constant */,
				97291ECF1F429F7E00AD2351 /* AppDelegate.h */,
				97291ED01F429F7E00AD2351 /* AppDelegate.m */,
			);
			name = App;
			sourceTree = "<group>";
		};
		97291F021F429FC300AD2351 /* Layout */ = {
			isa = PBXGroup;
			children = (
				97291ED51F429F7E00AD2351 /* Main.storyboard */,
				97291EDA1F429F7E00AD2351 /* LaunchScreen.storyboard */,
			);
			name = Layout;
			sourceTree = "<group>";
		};
		97291F051F42AA0B00AD2351 /* Welcome */ = {
			isa = PBXGroup;
			children = (
				97291F061F42AA2A00AD2351 /* WelcomeViewController.h */,
				97291F071F42AA2A00AD2351 /* WelcomeViewController.m */,
			);
			name = Welcome;
			sourceTree = "<group>";
		};
		97291F121F42ACC400AD2351 /* Constant */ = {
			isa = PBXGroup;
			children = (
				97291F0F1F42ACC000AD2351 /* Localizable.h */,
				97291F101F42ACC000AD2351 /* Localizable.m */,
				97291F151F42B21C00AD2351 /* Constant.h */,
				97291F161F42B21C00AD2351 /* Constant.m */,
			);
			name = Constant;
			sourceTree = "<group>";
		};
		97291F181F42CC7800AD2351 /* Extension */ = {
			isa = PBXGroup;
			children = (
				97291F1D1F42CD9300AD2351 /* UIView+Extension.h */,
				97291F1E1F42CD9300AD2351 /* UIView+Extension.m */,
			);
			name = Extension;
			sourceTree = "<group>";
		};
		97291F281F42E62700AD2351 /* SignIn */ = {
			isa = PBXGroup;
			children = (
				97291F291F42E65200AD2351 /* SignInViewController.h */,
				97291F2A1F42E65200AD2351 /* SignInViewController.m */,
			);
			name = SignIn;
			sourceTree = "<group>";
		};
		97291F2D1F42FA3E00AD2351 /* Signup */ = {
			isa = PBXGroup;
			children = (
				97291F2E1F42FB6C00AD2351 /* SignUpViewController.h */,
				97291F2F1F42FB6C00AD2351 /* SignUpViewController.m */,
			);
			name = Signup;
			sourceTree = "<group>";
		};
/* End PBXGroup section */

/* Begin PBXNativeTarget section */
		97291EC81F429F7E00AD2351 /* EAMovieApp */ = {
			isa = PBXNativeTarget;
			buildConfigurationList = 97291EF61F429F7E00AD2351 /* Build configuration list for PBXNativeTarget "EAMovieApp" */;
			buildPhases = (
				991D65027F6C826238104019 /* [CP] Check Pods Manifest.lock */,
				97291EC51F429F7E00AD2351 /* Sources */,
				97291EC61F429F7E00AD2351 /* Frameworks */,
				97291EC71F429F7E00AD2351 /* Resources */,
				7E5A3255CF9EF9FDDED90E36 /* [CP] Embed Pods Frameworks */,
				409A0DAC336547897F900EDF /* [CP] Copy Pods Resources */,
			);
			buildRules = (
			);
			dependencies = (
			);
			name = EAMovieApp;
			productName = EAMovieApp;
			productReference = 97291EC91F429F7E00AD2351 /* EAMovieApp.app */;
			productType = "com.apple.product-type.application";
		};
		97291EE11F429F7E00AD2351 /* EAMovieAppTests */ = {
			isa = PBXNativeTarget;
			buildConfigurationList = 97291EF91F429F7E00AD2351 /* Build configuration list for PBXNativeTarget "EAMovieAppTests" */;
			buildPhases = (
				415EDE8DF21ECD2505C8CAD1 /* [CP] Check Pods Manifest.lock */,
				97291EDE1F429F7E00AD2351 /* Sources */,
				97291EDF1F429F7E00AD2351 /* Frameworks */,
				97291EE01F429F7E00AD2351 /* Resources */,
				1A7798D03B5D6B601E01ACE2 /* [CP] Embed Pods Frameworks */,
				EF49F769EDBFF1544D08C2F0 /* [CP] Copy Pods Resources */,
			);
			buildRules = (
			);
			dependencies = (
				97291EE41F429F7E00AD2351 /* PBXTargetDependency */,
			);
			name = EAMovieAppTests;
			productName = EAMovieAppTests;
			productReference = 97291EE21F429F7E00AD2351 /* EAMovieAppTests.xctest */;
			productType = "com.apple.product-type.bundle.unit-test";
		};
		97291EEC1F429F7E00AD2351 /* EAMovieAppUITests */ = {
			isa = PBXNativeTarget;
			buildConfigurationList = 97291EFC1F429F7E00AD2351 /* Build configuration list for PBXNativeTarget "EAMovieAppUITests" */;
			buildPhases = (
				02112F63B9EA110DC908E400 /* [CP] Check Pods Manifest.lock */,
				97291EE91F429F7E00AD2351 /* Sources */,
				97291EEA1F429F7E00AD2351 /* Frameworks */,
				97291EEB1F429F7E00AD2351 /* Resources */,
				79DBF44A03C117506969C9CE /* [CP] Embed Pods Frameworks */,
				24C698D9C158836C5F338A9D /* [CP] Copy Pods Resources */,
			);
			buildRules = (
			);
			dependencies = (
				97291EEF1F429F7E00AD2351 /* PBXTargetDependency */,
			);
			name = EAMovieAppUITests;
			productName = EAMovieAppUITests;
			productReference = 97291EED1F429F7E00AD2351 /* EAMovieAppUITests.xctest */;
			productType = "com.apple.product-type.bundle.ui-testing";
		};
/* End PBXNativeTarget section */

/* Begin PBXProject section */
		97291EC11F429F7E00AD2351 /* Project object */ = {
			isa = PBXProject;
			attributes = {
				LastUpgradeCheck = 0830;
				ORGANIZATIONNAME = "East Agile";
				TargetAttributes = {
					97291EC81F429F7E00AD2351 = {
						CreatedOnToolsVersion = 8.3.3;
						DevelopmentTeam = R69758BRLK;
						ProvisioningStyle = Automatic;
					};
					97291EE11F429F7E00AD2351 = {
						CreatedOnToolsVersion = 8.3.3;
						DevelopmentTeam = R69758BRLK;
						ProvisioningStyle = Automatic;
						TestTargetID = 97291EC81F429F7E00AD2351;
					};
					97291EEC1F429F7E00AD2351 = {
						CreatedOnToolsVersion = 8.3.3;
						DevelopmentTeam = R69758BRLK;
						ProvisioningStyle = Automatic;
						TestTargetID = 97291EC81F429F7E00AD2351;
					};
				};
			};
			buildConfigurationList = 97291EC41F429F7E00AD2351 /* Build configuration list for PBXProject "EAMovieApp" */;
			compatibilityVersion = "Xcode 3.2";
			developmentRegion = English;
			hasScannedForEncodings = 0;
			knownRegions = (
				en,
				Base,
			);
			mainGroup = 97291EC01F429F7E00AD2351;
			productRefGroup = 97291ECA1F429F7E00AD2351 /* Products */;
			projectDirPath = "";
			projectRoot = "";
			targets = (
				97291EC81F429F7E00AD2351 /* EAMovieApp */,
				97291EE11F429F7E00AD2351 /* EAMovieAppTests */,
				97291EEC1F429F7E00AD2351 /* EAMovieAppUITests */,
			);
		};
/* End PBXProject section */

/* Begin PBXResourcesBuildPhase section */
		97291EC71F429F7E00AD2351 /* Resources */ = {
			isa = PBXResourcesBuildPhase;
			buildActionMask = 2147483647;
			files = (
				97291EDC1F429F7E00AD2351 /* LaunchScreen.storyboard in Resources */,
				97291F0B1F42ABD600AD2351 /* Localizable.strings in Resources */,
				97291ED91F429F7E00AD2351 /* Assets.xcassets in Resources */,
				97291ED71F429F7E00AD2351 /* Main.storyboard in Resources */,
			);
			runOnlyForDeploymentPostprocessing = 0;
		};
		97291EE01F429F7E00AD2351 /* Resources */ = {
			isa = PBXResourcesBuildPhase;
			buildActionMask = 2147483647;
			files = (
				97291F261F42E1B200AD2351 /* Localizable.strings in Resources */,
			);
			runOnlyForDeploymentPostprocessing = 0;
		};
		97291EEB1F429F7E00AD2351 /* Resources */ = {
			isa = PBXResourcesBuildPhase;
			buildActionMask = 2147483647;
			files = (
			);
			runOnlyForDeploymentPostprocessing = 0;
		};
/* End PBXResourcesBuildPhase section */

/* Begin PBXShellScriptBuildPhase section */
		02112F63B9EA110DC908E400 /* [CP] Check Pods Manifest.lock */ = {
			isa = PBXShellScriptBuildPhase;
			buildActionMask = 2147483647;
			files = (
			);
			inputPaths = (
				"${PODS_PODFILE_DIR_PATH}/Podfile.lock",
				"${PODS_ROOT}/Manifest.lock",
			);
			name = "[CP] Check Pods Manifest.lock";
			outputPaths = (
				"$(DERIVED_FILE_DIR)/Pods-EAMovieAppUITests-checkManifestLockResult.txt",
			);
			runOnlyForDeploymentPostprocessing = 0;
			shellPath = /bin/sh;
			shellScript = "diff \"${PODS_PODFILE_DIR_PATH}/Podfile.lock\" \"${PODS_ROOT}/Manifest.lock\" > /dev/null\nif [ $? != 0 ] ; then\n    # print error to STDERR\n    echo \"error: The sandbox is not in sync with the Podfile.lock. Run 'pod install' or update your CocoaPods installation.\" >&2\n    exit 1\nfi\n# This output is used by Xcode 'outputs' to avoid re-running this script phase.\necho \"SUCCESS\" > \"${SCRIPT_OUTPUT_FILE_0}\"\n";
			showEnvVarsInLog = 0;
		};
		1A7798D03B5D6B601E01ACE2 /* [CP] Embed Pods Frameworks */ = {
			isa = PBXShellScriptBuildPhase;
			buildActionMask = 2147483647;
			files = (
			);
			inputPaths = (
			);
			name = "[CP] Embed Pods Frameworks";
			outputPaths = (
			);
			runOnlyForDeploymentPostprocessing = 0;
			shellPath = /bin/sh;
			shellScript = "\"${SRCROOT}/../Pods/Target Support Files/Pods-EAMovieAppTests/Pods-EAMovieAppTests-frameworks.sh\"\n";
			showEnvVarsInLog = 0;
		};
		24C698D9C158836C5F338A9D /* [CP] Copy Pods Resources */ = {
			isa = PBXShellScriptBuildPhase;
			buildActionMask = 2147483647;
			files = (
			);
			inputPaths = (
			);
			name = "[CP] Copy Pods Resources";
			outputPaths = (
			);
			runOnlyForDeploymentPostprocessing = 0;
			shellPath = /bin/sh;
			shellScript = "\"${SRCROOT}/../Pods/Target Support Files/Pods-EAMovieAppUITests/Pods-EAMovieAppUITests-resources.sh\"\n";
			showEnvVarsInLog = 0;
		};
		409A0DAC336547897F900EDF /* [CP] Copy Pods Resources */ = {
			isa = PBXShellScriptBuildPhase;
			buildActionMask = 2147483647;
			files = (
			);
			inputPaths = (
				"${SRCROOT}/../Pods/Target Support Files/Pods-EAMovieApp/Pods-EAMovieApp-resources.sh",
				"${PODS_ROOT}/FontAwesomeKit/FontAwesomeKit/FontAwesome.otf",
			);
			name = "[CP] Copy Pods Resources";
			outputPaths = (
				"${TARGET_BUILD_DIR}/${UNLOCALIZED_RESOURCES_FOLDER_PATH}",
			);
			runOnlyForDeploymentPostprocessing = 0;
			shellPath = /bin/sh;
			shellScript = "\"${SRCROOT}/../Pods/Target Support Files/Pods-EAMovieApp/Pods-EAMovieApp-resources.sh\"\n";
			showEnvVarsInLog = 0;
		};
		415EDE8DF21ECD2505C8CAD1 /* [CP] Check Pods Manifest.lock */ = {
			isa = PBXShellScriptBuildPhase;
			buildActionMask = 2147483647;
			files = (
			);
			inputPaths = (
				"${PODS_PODFILE_DIR_PATH}/Podfile.lock",
				"${PODS_ROOT}/Manifest.lock",
			);
			name = "[CP] Check Pods Manifest.lock";
			outputPaths = (
				"$(DERIVED_FILE_DIR)/Pods-EAMovieAppTests-checkManifestLockResult.txt",
			);
			runOnlyForDeploymentPostprocessing = 0;
			shellPath = /bin/sh;
			shellScript = "diff \"${PODS_PODFILE_DIR_PATH}/Podfile.lock\" \"${PODS_ROOT}/Manifest.lock\" > /dev/null\nif [ $? != 0 ] ; then\n    # print error to STDERR\n    echo \"error: The sandbox is not in sync with the Podfile.lock. Run 'pod install' or update your CocoaPods installation.\" >&2\n    exit 1\nfi\n# This output is used by Xcode 'outputs' to avoid re-running this script phase.\necho \"SUCCESS\" > \"${SCRIPT_OUTPUT_FILE_0}\"\n";
			showEnvVarsInLog = 0;
		};
		79DBF44A03C117506969C9CE /* [CP] Embed Pods Frameworks */ = {
			isa = PBXShellScriptBuildPhase;
			buildActionMask = 2147483647;
			files = (
			);
			inputPaths = (
			);
			name = "[CP] Embed Pods Frameworks";
			outputPaths = (
			);
			runOnlyForDeploymentPostprocessing = 0;
			shellPath = /bin/sh;
			shellScript = "\"${SRCROOT}/../Pods/Target Support Files/Pods-EAMovieAppUITests/Pods-EAMovieAppUITests-frameworks.sh\"\n";
			showEnvVarsInLog = 0;
		};
		7E5A3255CF9EF9FDDED90E36 /* [CP] Embed Pods Frameworks */ = {
			isa = PBXShellScriptBuildPhase;
			buildActionMask = 2147483647;
			files = (
			);
			inputPaths = (
			);
			name = "[CP] Embed Pods Frameworks";
			outputPaths = (
			);
			runOnlyForDeploymentPostprocessing = 0;
			shellPath = /bin/sh;
			shellScript = "\"${SRCROOT}/../Pods/Target Support Files/Pods-EAMovieApp/Pods-EAMovieApp-frameworks.sh\"\n";
			showEnvVarsInLog = 0;
		};
		991D65027F6C826238104019 /* [CP] Check Pods Manifest.lock */ = {
			isa = PBXShellScriptBuildPhase;
			buildActionMask = 2147483647;
			files = (
			);
			inputPaths = (
				"${PODS_PODFILE_DIR_PATH}/Podfile.lock",
				"${PODS_ROOT}/Manifest.lock",
			);
			name = "[CP] Check Pods Manifest.lock";
			outputPaths = (
				"$(DERIVED_FILE_DIR)/Pods-EAMovieApp-checkManifestLockResult.txt",
			);
			runOnlyForDeploymentPostprocessing = 0;
			shellPath = /bin/sh;
			shellScript = "diff \"${PODS_PODFILE_DIR_PATH}/Podfile.lock\" \"${PODS_ROOT}/Manifest.lock\" > /dev/null\nif [ $? != 0 ] ; then\n    # print error to STDERR\n    echo \"error: The sandbox is not in sync with the Podfile.lock. Run 'pod install' or update your CocoaPods installation.\" >&2\n    exit 1\nfi\n# This output is used by Xcode 'outputs' to avoid re-running this script phase.\necho \"SUCCESS\" > \"${SCRIPT_OUTPUT_FILE_0}\"\n";
			showEnvVarsInLog = 0;
		};
		EF49F769EDBFF1544D08C2F0 /* [CP] Copy Pods Resources */ = {
			isa = PBXShellScriptBuildPhase;
			buildActionMask = 2147483647;
			files = (
			);
			inputPaths = (
			);
			name = "[CP] Copy Pods Resources";
			outputPaths = (
			);
			runOnlyForDeploymentPostprocessing = 0;
			shellPath = /bin/sh;
			shellScript = "\"${SRCROOT}/../Pods/Target Support Files/Pods-EAMovieAppTests/Pods-EAMovieAppTests-resources.sh\"\n";
			showEnvVarsInLog = 0;
		};
/* End PBXShellScriptBuildPhase section */

/* Begin PBXSourcesBuildPhase section */
		97291EC51F429F7E00AD2351 /* Sources */ = {
			isa = PBXSourcesBuildPhase;
			buildActionMask = 2147483647;
			files = (
				97291F2B1F42E65200AD2351 /* SignInViewController.m in Sources */,
				97291F1F1F42CD9300AD2351 /* UIView+Extension.m in Sources */,
				97291ED11F429F7E00AD2351 /* AppDelegate.m in Sources */,
				97291ECE1F429F7E00AD2351 /* main.m in Sources */,
				97291F111F42ACC000AD2351 /* Localizable.m in Sources */,
				97291F171F42B21C00AD2351 /* Constant.m in Sources */,
				97291F301F42FB6C00AD2351 /* SignUpViewController.m in Sources */,
				97291F081F42AA2A00AD2351 /* WelcomeViewController.m in Sources */,
			);
			runOnlyForDeploymentPostprocessing = 0;
		};
		97291EDE1F429F7E00AD2351 /* Sources */ = {
			isa = PBXSourcesBuildPhase;
			buildActionMask = 2147483647;
			files = (
				97291F271F42E1BE00AD2351 /* Localizable.m in Sources */,
				97291F251F42E18B00AD2351 /* WelcomeViewTests.m in Sources */,
			);
			runOnlyForDeploymentPostprocessing = 0;
		};
		97291EE91F429F7E00AD2351 /* Sources */ = {
			isa = PBXSourcesBuildPhase;
			buildActionMask = 2147483647;
			files = (
			);
			runOnlyForDeploymentPostprocessing = 0;
		};
/* End PBXSourcesBuildPhase section */

/* Begin PBXTargetDependency section */
		97291EE41F429F7E00AD2351 /* PBXTargetDependency */ = {
			isa = PBXTargetDependency;
			target = 97291EC81F429F7E00AD2351 /* EAMovieApp */;
			targetProxy = 97291EE31F429F7E00AD2351 /* PBXContainerItemProxy */;
		};
		97291EEF1F429F7E00AD2351 /* PBXTargetDependency */ = {
			isa = PBXTargetDependency;
			target = 97291EC81F429F7E00AD2351 /* EAMovieApp */;
			targetProxy = 97291EEE1F429F7E00AD2351 /* PBXContainerItemProxy */;
		};
/* End PBXTargetDependency section */

/* Begin PBXVariantGroup section */
		97291ED51F429F7E00AD2351 /* Main.storyboard */ = {
			isa = PBXVariantGroup;
			children = (
				97291ED61F429F7E00AD2351 /* Base */,
			);
			name = Main.storyboard;
			sourceTree = "<group>";
		};
		97291EDA1F429F7E00AD2351 /* LaunchScreen.storyboard */ = {
			isa = PBXVariantGroup;
			children = (
				97291EDB1F429F7E00AD2351 /* Base */,
			);
			name = LaunchScreen.storyboard;
			sourceTree = "<group>";
		};
		97291F0D1F42ABD600AD2351 /* Localizable.strings */ = {
			isa = PBXVariantGroup;
			children = (
				97291F0C1F42ABD600AD2351 /* Base */,
				97291F141F42B0BA00AD2351 /* en */,
			);
			name = Localizable.strings;
			sourceTree = "<group>";
		};
/* End PBXVariantGroup section */

/* Begin XCBuildConfiguration section */
		97291EF41F429F7E00AD2351 /* Debug */ = {
			isa = XCBuildConfiguration;
			buildSettings = {
				ALWAYS_SEARCH_USER_PATHS = NO;
				CLANG_ANALYZER_NONNULL = YES;
				CLANG_ANALYZER_NUMBER_OBJECT_CONVERSION = YES_AGGRESSIVE;
				CLANG_CXX_LANGUAGE_STANDARD = "gnu++0x";
				CLANG_CXX_LIBRARY = "libc++";
				CLANG_ENABLE_MODULES = YES;
				CLANG_ENABLE_OBJC_ARC = YES;
				CLANG_WARN_BOOL_CONVERSION = YES;
				CLANG_WARN_CONSTANT_CONVERSION = YES;
				CLANG_WARN_DIRECT_OBJC_ISA_USAGE = YES_ERROR;
				CLANG_WARN_DOCUMENTATION_COMMENTS = YES;
				CLANG_WARN_EMPTY_BODY = YES;
				CLANG_WARN_ENUM_CONVERSION = YES;
				CLANG_WARN_INFINITE_RECURSION = YES;
				CLANG_WARN_INT_CONVERSION = YES;
				CLANG_WARN_OBJC_ROOT_CLASS = YES_ERROR;
				CLANG_WARN_SUSPICIOUS_MOVE = YES;
				CLANG_WARN_UNREACHABLE_CODE = YES;
				CLANG_WARN__DUPLICATE_METHOD_MATCH = YES;
				"CODE_SIGN_IDENTITY[sdk=iphoneos*]" = "iPhone Developer";
				COPY_PHASE_STRIP = NO;
				DEBUG_INFORMATION_FORMAT = dwarf;
				ENABLE_STRICT_OBJC_MSGSEND = YES;
				ENABLE_TESTABILITY = YES;
				GCC_C_LANGUAGE_STANDARD = gnu99;
				GCC_DYNAMIC_NO_PIC = NO;
				GCC_NO_COMMON_BLOCKS = YES;
				GCC_OPTIMIZATION_LEVEL = 0;
				GCC_PREPROCESSOR_DEFINITIONS = (
					"DEBUG=1",
					"$(inherited)",
				);
				GCC_WARN_64_TO_32_BIT_CONVERSION = YES;
				GCC_WARN_ABOUT_RETURN_TYPE = YES_ERROR;
				GCC_WARN_UNDECLARED_SELECTOR = YES;
				GCC_WARN_UNINITIALIZED_AUTOS = YES_AGGRESSIVE;
				GCC_WARN_UNUSED_FUNCTION = YES;
				GCC_WARN_UNUSED_VARIABLE = YES;
				IPHONEOS_DEPLOYMENT_TARGET = 10.3;
				MTL_ENABLE_DEBUG_INFO = YES;
				ONLY_ACTIVE_ARCH = YES;
				SDKROOT = iphoneos;
				TARGETED_DEVICE_FAMILY = "1,2";
			};
			name = Debug;
		};
		97291EF51F429F7E00AD2351 /* Release */ = {
			isa = XCBuildConfiguration;
			buildSettings = {
				ALWAYS_SEARCH_USER_PATHS = NO;
				CLANG_ANALYZER_NONNULL = YES;
				CLANG_ANALYZER_NUMBER_OBJECT_CONVERSION = YES_AGGRESSIVE;
				CLANG_CXX_LANGUAGE_STANDARD = "gnu++0x";
				CLANG_CXX_LIBRARY = "libc++";
				CLANG_ENABLE_MODULES = YES;
				CLANG_ENABLE_OBJC_ARC = YES;
				CLANG_WARN_BOOL_CONVERSION = YES;
				CLANG_WARN_CONSTANT_CONVERSION = YES;
				CLANG_WARN_DIRECT_OBJC_ISA_USAGE = YES_ERROR;
				CLANG_WARN_DOCUMENTATION_COMMENTS = YES;
				CLANG_WARN_EMPTY_BODY = YES;
				CLANG_WARN_ENUM_CONVERSION = YES;
				CLANG_WARN_INFINITE_RECURSION = YES;
				CLANG_WARN_INT_CONVERSION = YES;
				CLANG_WARN_OBJC_ROOT_CLASS = YES_ERROR;
				CLANG_WARN_SUSPICIOUS_MOVE = YES;
				CLANG_WARN_UNREACHABLE_CODE = YES;
				CLANG_WARN__DUPLICATE_METHOD_MATCH = YES;
				"CODE_SIGN_IDENTITY[sdk=iphoneos*]" = "iPhone Developer";
				COPY_PHASE_STRIP = NO;
				DEBUG_INFORMATION_FORMAT = "dwarf-with-dsym";
				ENABLE_NS_ASSERTIONS = NO;
				ENABLE_STRICT_OBJC_MSGSEND = YES;
				GCC_C_LANGUAGE_STANDARD = gnu99;
				GCC_NO_COMMON_BLOCKS = YES;
				GCC_WARN_64_TO_32_BIT_CONVERSION = YES;
				GCC_WARN_ABOUT_RETURN_TYPE = YES_ERROR;
				GCC_WARN_UNDECLARED_SELECTOR = YES;
				GCC_WARN_UNINITIALIZED_AUTOS = YES_AGGRESSIVE;
				GCC_WARN_UNUSED_FUNCTION = YES;
				GCC_WARN_UNUSED_VARIABLE = YES;
				IPHONEOS_DEPLOYMENT_TARGET = 10.3;
				MTL_ENABLE_DEBUG_INFO = NO;
				SDKROOT = iphoneos;
				TARGETED_DEVICE_FAMILY = "1,2";
				VALIDATE_PRODUCT = YES;
			};
			name = Release;
		};
		97291EF71F429F7E00AD2351 /* Debug */ = {
			isa = XCBuildConfiguration;
			baseConfigurationReference = FE7CB72577660A5EDF179AE8 /* Pods-EAMovieApp.debug.xcconfig */;
			buildSettings = {
				ASSETCATALOG_COMPILER_APPICON_NAME = AppIcon;
				DEVELOPMENT_TEAM = R69758BRLK;
				GCC_PREFIX_HEADER = "$(SRCROOT)/EAMovieApp/PrefixHeader.pch";
				INFOPLIST_FILE = EAMovieApp/Info.plist;
				IPHONEOS_DEPLOYMENT_TARGET = 8.0;
				LD_RUNPATH_SEARCH_PATHS = "$(inherited) @executable_path/Frameworks";
				PRODUCT_BUNDLE_IDENTIFIER = com.eastagile.EAMovieApp;
				PRODUCT_NAME = "$(TARGET_NAME)";
			};
			name = Debug;
		};
		97291EF81F429F7E00AD2351 /* Release */ = {
			isa = XCBuildConfiguration;
			baseConfigurationReference = 4CC136D63AEEFF55E59B6819 /* Pods-EAMovieApp.release.xcconfig */;
			buildSettings = {
				ASSETCATALOG_COMPILER_APPICON_NAME = AppIcon;
				DEVELOPMENT_TEAM = R69758BRLK;
				GCC_PREFIX_HEADER = "$(SRCROOT)/EAMovieApp/PrefixHeader.pch";
				INFOPLIST_FILE = EAMovieApp/Info.plist;
				IPHONEOS_DEPLOYMENT_TARGET = 8.0;
				LD_RUNPATH_SEARCH_PATHS = "$(inherited) @executable_path/Frameworks";
				PRODUCT_BUNDLE_IDENTIFIER = com.eastagile.EAMovieApp;
				PRODUCT_NAME = "$(TARGET_NAME)";
			};
			name = Release;
		};
		97291EFA1F429F7E00AD2351 /* Debug */ = {
			isa = XCBuildConfiguration;
			baseConfigurationReference = CD26A73D495843F45C1E5AB2 /* Pods-EAMovieAppTests.debug.xcconfig */;
			buildSettings = {
				BUNDLE_LOADER = "$(TEST_HOST)";
				DEVELOPMENT_TEAM = R69758BRLK;
				GCC_PREFIX_HEADER = "$(SRCROOT)/EAMovieAppTests/PrefixHeaderUnitTest.pch";
				INFOPLIST_FILE = EAMovieAppTests/Info.plist;
				LD_RUNPATH_SEARCH_PATHS = "$(inherited) @executable_path/Frameworks @loader_path/Frameworks";
				PRODUCT_BUNDLE_IDENTIFIER = com.eastagile.EAMovieAppTests;
				PRODUCT_NAME = "$(TARGET_NAME)";
				TEST_HOST = "$(BUILT_PRODUCTS_DIR)/EAMovieApp.app/EAMovieApp";
			};
			name = Debug;
		};
		97291EFB1F429F7E00AD2351 /* Release */ = {
			isa = XCBuildConfiguration;
			baseConfigurationReference = BF212A87AECE5AA44C602B6B /* Pods-EAMovieAppTests.release.xcconfig */;
			buildSettings = {
				BUNDLE_LOADER = "$(TEST_HOST)";
				DEVELOPMENT_TEAM = R69758BRLK;
				GCC_PREFIX_HEADER = "$(SRCROOT)/EAMovieAppTests/PrefixHeaderUnitTest.pch";
				INFOPLIST_FILE = EAMovieAppTests/Info.plist;
				LD_RUNPATH_SEARCH_PATHS = "$(inherited) @executable_path/Frameworks @loader_path/Frameworks";
				PRODUCT_BUNDLE_IDENTIFIER = com.eastagile.EAMovieAppTests;
				PRODUCT_NAME = "$(TARGET_NAME)";
				TEST_HOST = "$(BUILT_PRODUCTS_DIR)/EAMovieApp.app/EAMovieApp";
			};
			name = Release;
		};
		97291EFD1F429F7E00AD2351 /* Debug */ = {
			isa = XCBuildConfiguration;
			baseConfigurationReference = D02E2F7D8E43FC7AF9CF2600 /* Pods-EAMovieAppUITests.debug.xcconfig */;
			buildSettings = {
				DEVELOPMENT_TEAM = R69758BRLK;
				GCC_PREFIX_HEADER = "";
				INFOPLIST_FILE = EAMovieAppUITests/Info.plist;
				LD_RUNPATH_SEARCH_PATHS = "$(inherited) @executable_path/Frameworks @loader_path/Frameworks";
				PRODUCT_BUNDLE_IDENTIFIER = com.eastagile.EAMovieAppUITests;
				PRODUCT_NAME = "$(TARGET_NAME)";
				TEST_TARGET_NAME = EAMovieApp;
			};
			name = Debug;
		};
		97291EFE1F429F7E00AD2351 /* Release */ = {
			isa = XCBuildConfiguration;
			baseConfigurationReference = DB6AF7936EA45EB23BD85B1B /* Pods-EAMovieAppUITests.release.xcconfig */;
			buildSettings = {
				DEVELOPMENT_TEAM = R69758BRLK;
				GCC_PREFIX_HEADER = "";
				INFOPLIST_FILE = EAMovieAppUITests/Info.plist;
				LD_RUNPATH_SEARCH_PATHS = "$(inherited) @executable_path/Frameworks @loader_path/Frameworks";
				PRODUCT_BUNDLE_IDENTIFIER = com.eastagile.EAMovieAppUITests;
				PRODUCT_NAME = "$(TARGET_NAME)";
				TEST_TARGET_NAME = EAMovieApp;
			};
			name = Release;
		};
/* End XCBuildConfiguration section */

/* Begin XCConfigurationList section */
		97291EC41F429F7E00AD2351 /* Build configuration list for PBXProject "EAMovieApp" */ = {
			isa = XCConfigurationList;
			buildConfigurations = (
				97291EF41F429F7E00AD2351 /* Debug */,
				97291EF51F429F7E00AD2351 /* Release */,
			);
			defaultConfigurationIsVisible = 0;
			defaultConfigurationName = Release;
		};
		97291EF61F429F7E00AD2351 /* Build configuration list for PBXNativeTarget "EAMovieApp" */ = {
			isa = XCConfigurationList;
			buildConfigurations = (
				97291EF71F429F7E00AD2351 /* Debug */,
				97291EF81F429F7E00AD2351 /* Release */,
			);
			defaultConfigurationIsVisible = 0;
			defaultConfigurationName = Release;
		};
		97291EF91F429F7E00AD2351 /* Build configuration list for PBXNativeTarget "EAMovieAppTests" */ = {
			isa = XCConfigurationList;
			buildConfigurations = (
				97291EFA1F429F7E00AD2351 /* Debug */,
				97291EFB1F429F7E00AD2351 /* Release */,
			);
			defaultConfigurationIsVisible = 0;
			defaultConfigurationName = Release;
		};
		97291EFC1F429F7E00AD2351 /* Build configuration list for PBXNativeTarget "EAMovieAppUITests" */ = {
			isa = XCConfigurationList;
			buildConfigurations = (
				97291EFD1F429F7E00AD2351 /* Debug */,
				97291EFE1F429F7E00AD2351 /* Release */,
			);
			defaultConfigurationIsVisible = 0;
			defaultConfigurationName = Release;
		};
/* End XCConfigurationList section */
	};
	rootObject = 97291EC11F429F7E00AD2351 /* Project object */;
}
